
Microsoft Visual Studio Solution File, Format Version 12.00
# Visual Studio Version 16
VisualStudioVersion = 16.0.29123.88
MinimumVisualStudioVersion = 10.0.40219.1
Project("{FAE04EC0-301F-11D3-BF4B-00C04F79EFBC}") = "Lab 14 bill inheritance", "Lab 14 bill inheritance\Lab 14 bill inheritance.csproj", "{7C1AB8E0-25F8-416F-B050-04FBA169D483}"
EndProject
Global
	GlobalSection(SolutionConfigurationPlatforms) = preSolution
		Debug|Any CPU = Debug|Any CPU
		Release|Any CPU = Release|Any CPU
	EndGlobalSection
	GlobalSection(ProjectConfigurationPlatforms) = postSolution
		{7C1AB8E0-25F8-416F-B050-04FBA169D483}.Debug|Any CPU.ActiveCfg = Debug|Any CPU
		{7C1AB8E0-25F8-416F-B050-04FBA169D483}.Debug|Any CPU.Build.0 = Debug|Any CPU
		{7C1AB8E0-25F8-416F-B050-04FBA169D483}.Release|Any CPU.ActiveCfg = Release|Any CPU
		{7C1AB8E0-25F8-416F-B050-04FBA169D483}.Release|Any CPU.Build.0 = Release|Any CPU
	EndGlobalSection
	GlobalSection(SolutionProperties) = preSolution
		HideSolutionNode = FALSE
	EndGlobalSection
	GlobalSection(ExtensibilityGlobals) = postSolution
		SolutionGuid = {DDF5C8AD-1420-4CB3-A4A9-E0E222CB1C4D}
	EndGlobalSection
EndGlobal
